
Microsoft Visual Studio Solution File, Format Version 12.00
# Visual Studio Version 17
VisualStudioVersion = 17.7.34024.191
MinimumVisualStudioVersion = 10.0.40219.1
Project("{FAE04EC0-301F-11D3-BF4B-00C04F79EFBC}") = "Login_App", "Login_App\Login_App.csproj", "{DA17108F-3C08-4DD7-ABEF-D0C311FE4FE7}"
EndProject
Global
	GlobalSection(SolutionConfigurationPlatforms) = preSolution
		Debug|Any CPU = Debug|Any CPU
		Release|Any CPU = Release|Any CPU
	EndGlobalSection
	GlobalSection(ProjectConfigurationPlatforms) = postSolution
		{DA17108F-3C08-4DD7-ABEF-D0C311FE4FE7}.Debug|Any CPU.ActiveCfg = Debug|Any CPU
		{DA17108F-3C08-4DD7-ABEF-D0C311FE4FE7}.Debug|Any CPU.Build.0 = Debug|Any CPU
		{DA17108F-3C08-4DD7-ABEF-D0C311FE4FE7}.Release|Any CPU.ActiveCfg = Release|Any CPU
		{DA17108F-3C08-4DD7-ABEF-D0C311FE4FE7}.Release|Any CPU.Build.0 = Release|Any CPU
	EndGlobalSection
	GlobalSection(SolutionProperties) = preSolution
		HideSolutionNode = FALSE
	EndGlobalSection
	GlobalSection(ExtensibilityGlobals) = postSolution
		SolutionGuid = {FD25EDCA-472D-4A1F-BC96-F071A9867B7C}
	EndGlobalSection
EndGlobal
